
Microsoft Visual Studio Solution File, Format Version 12.00
# Visual Studio 15
VisualStudioVersion = 15.0.27130.2010
MinimumVisualStudioVersion = 10.0.40219.1
Project("{2150E333-8FDC-42A3-9474-1A3956D46DE8}") = "src", "src", "{D8C70DCD-2466-4304-A753-57E5654CDC68}"
EndProject
Project("{2150E333-8FDC-42A3-9474-1A3956D46DE8}") = "build", "build", "{E66AD2A3-9C5F-4C13-8C5B-44B29D8555C5}"
EndProject
Project("{2150E333-8FDC-42A3-9474-1A3956D46DE8}") = "tests", "tests", "{F3BA116E-8DED-47C6-84FE-D30A51A9A7C7}"
EndProject
Project("{9A19103F-16F7-4668-BE54-9A1E7A4F7556}") = "UnitTests", "tests\unitTests\UnitTests.csproj", "{1931BEBE-C175-4DBF-9CA4-6B35252A44B4}"
EndProject
Project("{2150E333-8FDC-42A3-9474-1A3956D46DE8}") = "scripts", "scripts", "{DEBEABE5-B600-4DBD-904A-BFA1C30E14F4}"
	ProjectSection(SolutionItems) = preProject
		build\scripts\build.ps1 = build\scripts\build.ps1
	EndProjectSection
EndProject
Project("{2150E333-8FDC-42A3-9474-1A3956D46DE8}") = "Solution Items", "Solution Items", "{A94B7BBE-96D6-4423-B333-E057B053C6DF}"
	ProjectSection(SolutionItems) = preProject
		.gitignore = .gitignore
		readme.md = readme.md
	EndProjectSection
EndProject
Project("{9A19103F-16F7-4668-BE54-9A1E7A4F7556}") = "ExceptionLayoutFormatter", "src\ExceptionLayoutFormatter\ExceptionLayoutFormatter.csproj", "{E149BA67-6754-480C-A51B-3460283DF60A}"
EndProject
Global
	GlobalSection(SolutionConfigurationPlatforms) = preSolution
		Debug|Any CPU = Debug|Any CPU
		Release|Any CPU = Release|Any CPU
	EndGlobalSection
	GlobalSection(ProjectConfigurationPlatforms) = postSolution
		{1931BEBE-C175-4DBF-9CA4-6B35252A44B4}.Debug|Any CPU.ActiveCfg = Debug|Any CPU
		{1931BEBE-C175-4DBF-9CA4-6B35252A44B4}.Debug|Any CPU.Build.0 = Debug|Any CPU
		{1931BEBE-C175-4DBF-9CA4-6B35252A44B4}.Release|Any CPU.ActiveCfg = Release|Any CPU
		{1931BEBE-C175-4DBF-9CA4-6B35252A44B4}.Release|Any CPU.Build.0 = Release|Any CPU
		{E149BA67-6754-480C-A51B-3460283DF60A}.Debug|Any CPU.ActiveCfg = Debug|Any CPU
		{E149BA67-6754-480C-A51B-3460283DF60A}.Debug|Any CPU.Build.0 = Debug|Any CPU
		{E149BA67-6754-480C-A51B-3460283DF60A}.Release|Any CPU.ActiveCfg = Release|Any CPU
		{E149BA67-6754-480C-A51B-3460283DF60A}.Release|Any CPU.Build.0 = Release|Any CPU
	EndGlobalSection
	GlobalSection(SolutionProperties) = preSolution
		HideSolutionNode = FALSE
	EndGlobalSection
	GlobalSection(NestedProjects) = preSolution
		{1931BEBE-C175-4DBF-9CA4-6B35252A44B4} = {F3BA116E-8DED-47C6-84FE-D30A51A9A7C7}
		{DEBEABE5-B600-4DBD-904A-BFA1C30E14F4} = {E66AD2A3-9C5F-4C13-8C5B-44B29D8555C5}
		{E149BA67-6754-480C-A51B-3460283DF60A} = {D8C70DCD-2466-4304-A753-57E5654CDC68}
	EndGlobalSection
	GlobalSection(ExtensibilityGlobals) = postSolution
		SolutionGuid = {D4FAB788-63AB-40D3-9D7A-0CC5671942B1}
	EndGlobalSection
EndGlobal
